
Microsoft Visual Studio Solution File, Format Version 12.00
# Visual Studio Version 16
VisualStudioVersion = 16.0.31515.178
MinimumVisualStudioVersion = 10.0.40219.1
Project("{F184B08F-C81C-45F6-A57F-5ABD9991F28F}") = "Kana", "Kana.vbproj", "{F7D09186-7BC1-45AB-9908-192E50D201DC}"
EndProject
Global
	GlobalSection(SolutionConfigurationPlatforms) = preSolution
		Debug|Any CPU = Debug|Any CPU
		Release|Any CPU = Release|Any CPU
	EndGlobalSection
	GlobalSection(ProjectConfigurationPlatforms) = postSolution
		{F7D09186-7BC1-45AB-9908-192E50D201DC}.Debug|Any CPU.ActiveCfg = Debug|Any CPU
		{F7D09186-7BC1-45AB-9908-192E50D201DC}.Debug|Any CPU.Build.0 = Debug|Any CPU
		{F7D09186-7BC1-45AB-9908-192E50D201DC}.Release|Any CPU.ActiveCfg = Release|Any CPU
		{F7D09186-7BC1-45AB-9908-192E50D201DC}.Release|Any CPU.Build.0 = Release|Any CPU
	EndGlobalSection
	GlobalSection(SolutionProperties) = preSolution
		HideSolutionNode = FALSE
	EndGlobalSection
	GlobalSection(ExtensibilityGlobals) = postSolution
		SolutionGuid = {51C26207-4276-4065-AB58-E00CD601FB98}
	EndGlobalSection
EndGlobal
